
Microsoft Visual Studio Solution File, Format Version 12.00
# Visual Studio Version 17
VisualStudioVersion = 17.2.32602.215
MinimumVisualStudioVersion = 10.0.40219.1
Project("{FAE04EC0-301F-11D3-BF4B-00C04F79EFBC}") = "Specifiers", "Specifiers\Specifiers.csproj", "{32395DA1-144C-48E6-B5E1-77953637F31E}"
EndProject
Global
	GlobalSection(SolutionConfigurationPlatforms) = preSolution
		Debug|Any CPU = Debug|Any CPU
		Release|Any CPU = Release|Any CPU
	EndGlobalSection
	GlobalSection(ProjectConfigurationPlatforms) = postSolution
		{32395DA1-144C-48E6-B5E1-77953637F31E}.Debug|Any CPU.ActiveCfg = Debug|Any CPU
		{32395DA1-144C-48E6-B5E1-77953637F31E}.Debug|Any CPU.Build.0 = Debug|Any CPU
		{32395DA1-144C-48E6-B5E1-77953637F31E}.Release|Any CPU.ActiveCfg = Release|Any CPU
		{32395DA1-144C-48E6-B5E1-77953637F31E}.Release|Any CPU.Build.0 = Release|Any CPU
	EndGlobalSection
	GlobalSection(SolutionProperties) = preSolution
		HideSolutionNode = FALSE
	EndGlobalSection
	GlobalSection(ExtensibilityGlobals) = postSolution
		SolutionGuid = {4F545BC2-D6CB-49CA-B594-A13E70AE6F6C}
	EndGlobalSection
EndGlobal
